
Microsoft Visual Studio Solution File, Format Version 12.00
# Visual Studio Version 17
VisualStudioVersion = 17.4.33103.184
MinimumVisualStudioVersion = 10.0.40219.1
Project("{FAE04EC0-301F-11D3-BF4B-00C04F79EFBC}") = "SumOfTriangle", "SumOfTriangle\SumOfTriangle.csproj", "{BF2E21D3-9D8F-4910-A973-B0F19524426E}"
EndProject
Global
	GlobalSection(SolutionConfigurationPlatforms) = preSolution
		Debug|Any CPU = Debug|Any CPU
		Release|Any CPU = Release|Any CPU
	EndGlobalSection
	GlobalSection(ProjectConfigurationPlatforms) = postSolution
		{BF2E21D3-9D8F-4910-A973-B0F19524426E}.Debug|Any CPU.ActiveCfg = Debug|Any CPU
		{BF2E21D3-9D8F-4910-A973-B0F19524426E}.Debug|Any CPU.Build.0 = Debug|Any CPU
		{BF2E21D3-9D8F-4910-A973-B0F19524426E}.Release|Any CPU.ActiveCfg = Release|Any CPU
		{BF2E21D3-9D8F-4910-A973-B0F19524426E}.Release|Any CPU.Build.0 = Release|Any CPU
	EndGlobalSection
	GlobalSection(SolutionProperties) = preSolution
		HideSolutionNode = FALSE
	EndGlobalSection
	GlobalSection(ExtensibilityGlobals) = postSolution
		SolutionGuid = {E04D2207-B036-4ED9-B3A7-A1BFEE11CC0E}
	EndGlobalSection
EndGlobal
